
Microsoft Visual Studio Solution File, Format Version 12.00
# Visual Studio Version 16
VisualStudioVersion = 16.0.31729.503
MinimumVisualStudioVersion = 10.0.40219.1
Project("{FAE04EC0-301F-11D3-BF4B-00C04F79EFBC}") = "BulkyBook", "BulkyBook\BulkyBook.csproj", "{14E56372-3472-47AC-9A97-506BE24649BE}"
EndProject
Global
	GlobalSection(SolutionConfigurationPlatforms) = preSolution
		Debug|Any CPU = Debug|Any CPU
		Release|Any CPU = Release|Any CPU
	EndGlobalSection
	GlobalSection(ProjectConfigurationPlatforms) = postSolution
		{14E56372-3472-47AC-9A97-506BE24649BE}.Debug|Any CPU.ActiveCfg = Debug|Any CPU
		{14E56372-3472-47AC-9A97-506BE24649BE}.Debug|Any CPU.Build.0 = Debug|Any CPU
		{14E56372-3472-47AC-9A97-506BE24649BE}.Release|Any CPU.ActiveCfg = Release|Any CPU
		{14E56372-3472-47AC-9A97-506BE24649BE}.Release|Any CPU.Build.0 = Release|Any CPU
	EndGlobalSection
	GlobalSection(SolutionProperties) = preSolution
		HideSolutionNode = FALSE
	EndGlobalSection
	GlobalSection(ExtensibilityGlobals) = postSolution
		SolutionGuid = {EAFEA45A-3ABF-40DF-977C-879BE5A33737}
	EndGlobalSection
EndGlobal
